// !$*UTF8*$!
{
	archiveVersion = 1;
	classes = {
	};
	objectVersion = 48;
	objects = {

/* Begin PBXBuildFile section */
		0C99BC38201C037500B93DD9 /* Riley.h in Headers */ = {isa = PBXBuildFile; fileRef = 0C99BC36201C037500B93DD9 /* Riley.h */; settings = {ATTRIBUTES = (Public, ); }; };
		0C99BC3F201C03B700B93DD9 /* Riley.swift in Sources */ = {isa = PBXBuildFile; fileRef = 0C99BC3E201C03B700B93DD9 /* Riley.swift */; };
		0C99BC47201C050E00B93DD9 /* AppDelegate.swift in Sources */ = {isa = PBXBuildFile; fileRef = 0C99BC46201C050E00B93DD9 /* AppDelegate.swift */; };
		0C99BC49201C050E00B93DD9 /* ViewController.swift in Sources */ = {isa = PBXBuildFile; fileRef = 0C99BC48201C050E00B93DD9 /* ViewController.swift */; };
		0C99BC4C201C050E00B93DD9 /* Main.storyboard in Resources */ = {isa = PBXBuildFile; fileRef = 0C99BC4A201C050E00B93DD9 /* Main.storyboard */; };
		0C99BC4E201C050E00B93DD9 /* Assets.xcassets in Resources */ = {isa = PBXBuildFile; fileRef = 0C99BC4D201C050E00B93DD9 /* Assets.xcassets */; };
		0C99BC51201C050E00B93DD9 /* LaunchScreen.storyboard in Resources */ = {isa = PBXBuildFile; fileRef = 0C99BC4F201C050E00B93DD9 /* LaunchScreen.storyboard */; };
		4C7E4273F3234E845A3FA4F3 /* Pods_Master.framework in Frameworks */ = {isa = PBXBuildFile; fileRef = 5B20CD5C5BC036D74971AE31 /* Pods_Master.framework */; };
/* End PBXBuildFile section */

/* Begin PBXFileReference section */
		0C99BC33201C037500B93DD9 /* Riley.framework */ = {isa = PBXFileReference; explicitFileType = wrapper.framework; includeInIndex = 0; path = Riley.framework; sourceTree = BUILT_PRODUCTS_DIR; };
		0C99BC36201C037500B93DD9 /* Riley.h */ = {isa = PBXFileReference; lastKnownFileType = sourcecode.c.h; path = Riley.h; sourceTree = "<group>"; };
		0C99BC37201C037500B93DD9 /* Info.plist */ = {isa = PBXFileReference; lastKnownFileType = text.plist.xml; path = Info.plist; sourceTree = "<group>"; };
		0C99BC3E201C03B700B93DD9 /* Riley.swift */ = {isa = PBXFileReference; lastKnownFileType = sourcecode.swift; path = Riley.swift; sourceTree = "<group>"; };
		0C99BC44201C050E00B93DD9 /* Master.app */ = {isa = PBXFileReference; explicitFileType = wrapper.application; includeInIndex = 0; path = Master.app; sourceTree = BUILT_PRODUCTS_DIR; };
		0C99BC46201C050E00B93DD9 /* AppDelegate.swift */ = {isa = PBXFileReference; lastKnownFileType = sourcecode.swift; path = AppDelegate.swift; sourceTree = "<group>"; };
		0C99BC48201C050E00B93DD9 /* ViewController.swift */ = {isa = PBXFileReference; lastKnownFileType = sourcecode.swift; path = ViewController.swift; sourceTree = "<group>"; };
		0C99BC4B201C050E00B93DD9 /* Base */ = {isa = PBXFileReference; lastKnownFileType = file.storyboard; name = Base; path = Base.lproj/Main.storyboard; sourceTree = "<group>"; };
		0C99BC4D201C050E00B93DD9 /* Assets.xcassets */ = {isa = PBXFileReference; lastKnownFileType = folder.assetcatalog; path = Assets.xcassets; sourceTree = "<group>"; };
		0C99BC50201C050E00B93DD9 /* Base */ = {isa = PBXFileReference; lastKnownFileType = file.storyboard; name = Base; path = Base.lproj/LaunchScreen.storyboard; sourceTree = "<group>"; };
		0C99BC52201C050E00B93DD9 /* Info.plist */ = {isa = PBXFileReference; lastKnownFileType = text.plist.xml; path = Info.plist; sourceTree = "<group>"; };
		1AFAF2680DF32BACD1B4B827 /* Pods-Master.debug.xcconfig */ = {isa = PBXFileReference; includeInIndex = 1; lastKnownFileType = text.xcconfig; name = "Pods-Master.debug.xcconfig"; path = "Pods/Target Support Files/Pods-Master/Pods-Master.debug.xcconfig"; sourceTree = "<group>"; };
		5B20CD5C5BC036D74971AE31 /* Pods_Master.framework */ = {isa = PBXFileReference; explicitFileType = wrapper.framework; includeInIndex = 0; path = Pods_Master.framework; sourceTree = BUILT_PRODUCTS_DIR; };
		ECE7E10F64AB74FCFE264D07 /* Pods-Master.release.xcconfig */ = {isa = PBXFileReference; includeInIndex = 1; lastKnownFileType = text.xcconfig; name = "Pods-Master.release.xcconfig"; path = "Pods/Target Support Files/Pods-Master/Pods-Master.release.xcconfig"; sourceTree = "<group>"; };
/* End PBXFileReference section */

/* Begin PBXFrameworksBuildPhase section */
		0C99BC2F201C037500B93DD9 /* Frameworks */ = {
			isa = PBXFrameworksBuildPhase;
			buildActionMask = 2147483647;
			files = (
			);
			runOnlyForDeploymentPostprocessing = 0;
		};
		0C99BC41201C050E00B93DD9 /* Frameworks */ = {
			isa = PBXFrameworksBuildPhase;
			buildActionMask = 2147483647;
			files = (
				4C7E4273F3234E845A3FA4F3 /* Pods_Master.framework in Frameworks */,
			);
			runOnlyForDeploymentPostprocessing = 0;
		};
/* End PBXFrameworksBuildPhase section */

/* Begin PBXGroup section */
		0C99BC29201C037500B93DD9 = {
			isa = PBXGroup;
			children = (
				0C99BC35201C037500B93DD9 /* Shared */,
				0C99BC45201C050E00B93DD9 /* ExampleApp */,
				0C99BC34201C037500B93DD9 /* Products */,
				0C99BC56201C054700B93DD9 /* Frameworks */,
				56D2BD50FF0D6355ABE0A308 /* Pods */,
			);
			sourceTree = "<group>";
		};
		0C99BC34201C037500B93DD9 /* Products */ = {
			isa = PBXGroup;
			children = (
				0C99BC33201C037500B93DD9 /* Riley.framework */,
				0C99BC44201C050E00B93DD9 /* Master.app */,
			);
			name = Products;
			sourceTree = "<group>";
		};
		0C99BC35201C037500B93DD9 /* Shared */ = {
			isa = PBXGroup;
			children = (
				0C99BC36201C037500B93DD9 /* Riley.h */,
				0C99BC37201C037500B93DD9 /* Info.plist */,
				0C99BC3E201C03B700B93DD9 /* Riley.swift */,
			);
			path = Shared;
			sourceTree = "<group>";
		};
		0C99BC45201C050E00B93DD9 /* ExampleApp */ = {
			isa = PBXGroup;
			children = (
				0C99BC46201C050E00B93DD9 /* AppDelegate.swift */,
				0C99BC48201C050E00B93DD9 /* ViewController.swift */,
				0C99BC4A201C050E00B93DD9 /* Main.storyboard */,
				0C99BC4D201C050E00B93DD9 /* Assets.xcassets */,
				0C99BC4F201C050E00B93DD9 /* LaunchScreen.storyboard */,
				0C99BC52201C050E00B93DD9 /* Info.plist */,
			);
			path = ExampleApp;
			sourceTree = "<group>";
		};
		0C99BC56201C054700B93DD9 /* Frameworks */ = {
			isa = PBXGroup;
			children = (
				5B20CD5C5BC036D74971AE31 /* Pods_Master.framework */,
			);
			name = Frameworks;
			sourceTree = "<group>";
		};
		56D2BD50FF0D6355ABE0A308 /* Pods */ = {
			isa = PBXGroup;
			children = (
				1AFAF2680DF32BACD1B4B827 /* Pods-Master.debug.xcconfig */,
				ECE7E10F64AB74FCFE264D07 /* Pods-Master.release.xcconfig */,
			);
			name = Pods;
			sourceTree = "<group>";
		};
/* End PBXGroup section */

/* Begin PBXHeadersBuildPhase section */
		0C99BC30201C037500B93DD9 /* Headers */ = {
			isa = PBXHeadersBuildPhase;
			buildActionMask = 2147483647;
			files = (
				0C99BC38201C037500B93DD9 /* Riley.h in Headers */,
			);
			runOnlyForDeploymentPostprocessing = 0;
		};
/* End PBXHeadersBuildPhase section */

/* Begin PBXNativeTarget section */
		0C99BC32201C037500B93DD9 /* Riley */ = {
			isa = PBXNativeTarget;
			buildConfigurationList = 0C99BC3B201C037500B93DD9 /* Build configuration list for PBXNativeTarget "Riley" */;
			buildPhases = (
				0C99BC2E201C037500B93DD9 /* Sources */,
				0C99BC2F201C037500B93DD9 /* Frameworks */,
				0C99BC30201C037500B93DD9 /* Headers */,
				0C99BC31201C037500B93DD9 /* Resources */,
			);
			buildRules = (
			);
			dependencies = (
			);
			name = Riley;
			productName = Riley;
			productReference = 0C99BC33201C037500B93DD9 /* Riley.framework */;
			productType = "com.apple.product-type.framework";
		};
		0C99BC43201C050E00B93DD9 /* Master */ = {
			isa = PBXNativeTarget;
			buildConfigurationList = 0C99BC55201C050E00B93DD9 /* Build configuration list for PBXNativeTarget "Master" */;
			buildPhases = (
				9905424674D922DC6316FE08 /* [CP] Check Pods Manifest.lock */,
				0C99BC40201C050E00B93DD9 /* Sources */,
				0C99BC41201C050E00B93DD9 /* Frameworks */,
				0C99BC42201C050E00B93DD9 /* Resources */,
				B6628A681108777BC94CD680 /* [CP] Embed Pods Frameworks */,
				316F793F4ECC5FDE4649195D /* [CP] Copy Pods Resources */,
			);
			buildRules = (
			);
			dependencies = (
			);
			name = Master;
			productName = Master;
			productReference = 0C99BC44201C050E00B93DD9 /* Master.app */;
			productType = "com.apple.product-type.application";
		};
/* End PBXNativeTarget section */

/* Begin PBXProject section */
		0C99BC2A201C037500B93DD9 /* Project object */ = {
			isa = PBXProject;
			attributes = {
				LastSwiftUpdateCheck = 0920;
				LastUpgradeCheck = 0920;
				ORGANIZATIONNAME = "The Chill Mill, Inc.";
				TargetAttributes = {
					0C99BC32201C037500B93DD9 = {
						CreatedOnToolsVersion = 9.2;
						LastSwiftMigration = 0920;
						ProvisioningStyle = Automatic;
					};
					0C99BC43201C050E00B93DD9 = {
						CreatedOnToolsVersion = 9.2;
						ProvisioningStyle = Automatic;
					};
				};
			};
			buildConfigurationList = 0C99BC2D201C037500B93DD9 /* Build configuration list for PBXProject "Riley" */;
			compatibilityVersion = "Xcode 8.0";
			developmentRegion = en;
			hasScannedForEncodings = 0;
			knownRegions = (
				en,
				Base,
			);
			mainGroup = 0C99BC29201C037500B93DD9;
			productRefGroup = 0C99BC34201C037500B93DD9 /* Products */;
			projectDirPath = "";
			projectRoot = "";
			targets = (
				0C99BC32201C037500B93DD9 /* Riley */,
				0C99BC43201C050E00B93DD9 /* Master */,
			);
		};
/* End PBXProject section */

/* Begin PBXResourcesBuildPhase section */
		0C99BC31201C037500B93DD9 /* Resources */ = {
			isa = PBXResourcesBuildPhase;
			buildActionMask = 2147483647;
			files = (
			);
			runOnlyForDeploymentPostprocessing = 0;
		};
		0C99BC42201C050E00B93DD9 /* Resources */ = {
			isa = PBXResourcesBuildPhase;
			buildActionMask = 2147483647;
			files = (
				0C99BC51201C050E00B93DD9 /* LaunchScreen.storyboard in Resources */,
				0C99BC4E201C050E00B93DD9 /* Assets.xcassets in Resources */,
				0C99BC4C201C050E00B93DD9 /* Main.storyboard in Resources */,
			);
			runOnlyForDeploymentPostprocessing = 0;
		};
/* End PBXResourcesBuildPhase section */

/* Begin PBXShellScriptBuildPhase section */
		316F793F4ECC5FDE4649195D /* [CP] Copy Pods Resources */ = {
			isa = PBXShellScriptBuildPhase;
			buildActionMask = 2147483647;
			files = (
			);
			inputPaths = (
			);
			name = "[CP] Copy Pods Resources";
			outputPaths = (
			);
			runOnlyForDeploymentPostprocessing = 0;
			shellPath = /bin/sh;
			shellScript = "\"${SRCROOT}/Pods/Target Support Files/Pods-Master/Pods-Master-resources.sh\"\n";
			showEnvVarsInLog = 0;
		};
		9905424674D922DC6316FE08 /* [CP] Check Pods Manifest.lock */ = {
			isa = PBXShellScriptBuildPhase;
			buildActionMask = 2147483647;
			files = (
			);
			inputPaths = (
				"${PODS_PODFILE_DIR_PATH}/Podfile.lock",
				"${PODS_ROOT}/Manifest.lock",
			);
			name = "[CP] Check Pods Manifest.lock";
			outputPaths = (
				"$(DERIVED_FILE_DIR)/Pods-Master-checkManifestLockResult.txt",
			);
			runOnlyForDeploymentPostprocessing = 0;
			shellPath = /bin/sh;
			shellScript = "diff \"${PODS_PODFILE_DIR_PATH}/Podfile.lock\" \"${PODS_ROOT}/Manifest.lock\" > /dev/null\nif [ $? != 0 ] ; then\n    # print error to STDERR\n    echo \"error: The sandbox is not in sync with the Podfile.lock. Run 'pod install' or update your CocoaPods installation.\" >&2\n    exit 1\nfi\n# This output is used by Xcode 'outputs' to avoid re-running this script phase.\necho \"SUCCESS\" > \"${SCRIPT_OUTPUT_FILE_0}\"\n";
			showEnvVarsInLog = 0;
		};
		B6628A681108777BC94CD680 /* [CP] Embed Pods Frameworks */ = {
			isa = PBXShellScriptBuildPhase;
			buildActionMask = 2147483647;
			files = (
			);
			inputPaths = (
				"${SRCROOT}/Pods/Target Support Files/Pods-Master/Pods-Master-frameworks.sh",
				"${BUILT_PRODUCTS_DIR}/Riley/Riley.framework",
			);
			name = "[CP] Embed Pods Frameworks";
			outputPaths = (
				"${TARGET_BUILD_DIR}/${FRAMEWORKS_FOLDER_PATH}/Riley.framework",
			);
			runOnlyForDeploymentPostprocessing = 0;
			shellPath = /bin/sh;
			shellScript = "\"${SRCROOT}/Pods/Target Support Files/Pods-Master/Pods-Master-frameworks.sh\"\n";
			showEnvVarsInLog = 0;
		};
/* End PBXShellScriptBuildPhase section */

/* Begin PBXSourcesBuildPhase section */
		0C99BC2E201C037500B93DD9 /* Sources */ = {
			isa = PBXSourcesBuildPhase;
			buildActionMask = 2147483647;
			files = (
				0C99BC3F201C03B700B93DD9 /* Riley.swift in Sources */,
			);
			runOnlyForDeploymentPostprocessing = 0;
		};
		0C99BC40201C050E00B93DD9 /* Sources */ = {
			isa = PBXSourcesBuildPhase;
			buildActionMask = 2147483647;
			files = (
				0C99BC49201C050E00B93DD9 /* ViewController.swift in Sources */,
				0C99BC47201C050E00B93DD9 /* AppDelegate.swift in Sources */,
			);
			runOnlyForDeploymentPostprocessing = 0;
		};
/* End PBXSourcesBuildPhase section */

/* Begin PBXVariantGroup section */
		0C99BC4A201C050E00B93DD9 /* Main.storyboard */ = {
			isa = PBXVariantGroup;
			children = (
				0C99BC4B201C050E00B93DD9 /* Base */,
			);
			name = Main.storyboard;
			sourceTree = "<group>";
		};
		0C99BC4F201C050E00B93DD9 /* LaunchScreen.storyboard */ = {
			isa = PBXVariantGroup;
			children = (
				0C99BC50201C050E00B93DD9 /* Base */,
			);
			name = LaunchScreen.storyboard;
			sourceTree = "<group>";
		};
/* End PBXVariantGroup section */

/* Begin XCBuildConfiguration section */
		0C99BC39201C037500B93DD9 /* Debug */ = {
			isa = XCBuildConfiguration;
			buildSettings = {
				ALWAYS_SEARCH_USER_PATHS = NO;
				CLANG_ANALYZER_NONNULL = YES;
				CLANG_ANALYZER_NUMBER_OBJECT_CONVERSION = YES_AGGRESSIVE;
				CLANG_CXX_LANGUAGE_STANDARD = "gnu++14";
				CLANG_CXX_LIBRARY = "libc++";
				CLANG_ENABLE_MODULES = YES;
				CLANG_ENABLE_OBJC_ARC = YES;
				CLANG_WARN_BLOCK_CAPTURE_AUTORELEASING = YES;
				CLANG_WARN_BOOL_CONVERSION = YES;
				CLANG_WARN_COMMA = YES;
				CLANG_WARN_CONSTANT_CONVERSION = YES;
				CLANG_WARN_DIRECT_OBJC_ISA_USAGE = YES_ERROR;
				CLANG_WARN_DOCUMENTATION_COMMENTS = YES;
				CLANG_WARN_EMPTY_BODY = YES;
				CLANG_WARN_ENUM_CONVERSION = YES;
				CLANG_WARN_INFINITE_RECURSION = YES;
				CLANG_WARN_INT_CONVERSION = YES;
				CLANG_WARN_NON_LITERAL_NULL_CONVERSION = YES;
				CLANG_WARN_OBJC_LITERAL_CONVERSION = YES;
				CLANG_WARN_OBJC_ROOT_CLASS = YES_ERROR;
				CLANG_WARN_RANGE_LOOP_ANALYSIS = YES;
				CLANG_WARN_STRICT_PROTOTYPES = YES;
				CLANG_WARN_SUSPICIOUS_MOVE = YES;
				CLANG_WARN_UNGUARDED_AVAILABILITY = YES_AGGRESSIVE;
				CLANG_WARN_UNREACHABLE_CODE = YES;
				CLANG_WARN__DUPLICATE_METHOD_MATCH = YES;
				CODE_SIGN_IDENTITY = "iPhone Developer";
				COPY_PHASE_STRIP = NO;
				CURRENT_PROJECT_VERSION = 1;
				DEBUG_INFORMATION_FORMAT = dwarf;
				ENABLE_STRICT_OBJC_MSGSEND = YES;
				ENABLE_TESTABILITY = YES;
				GCC_C_LANGUAGE_STANDARD = gnu11;
				GCC_DYNAMIC_NO_PIC = NO;
				GCC_NO_COMMON_BLOCKS = YES;
				GCC_OPTIMIZATION_LEVEL = 0;
				GCC_PREPROCESSOR_DEFINITIONS = (
					"DEBUG=1",
					"$(inherited)",
				);
				GCC_WARN_64_TO_32_BIT_CONVERSION = YES;
				GCC_WARN_ABOUT_RETURN_TYPE = YES_ERROR;
				GCC_WARN_UNDECLARED_SELECTOR = YES;
				GCC_WARN_UNINITIALIZED_AUTOS = YES_AGGRESSIVE;
				GCC_WARN_UNUSED_FUNCTION = YES;
				GCC_WARN_UNUSED_VARIABLE = YES;
				IPHONEOS_DEPLOYMENT_TARGET = 11.2;
				MTL_ENABLE_DEBUG_INFO = YES;
				ONLY_ACTIVE_ARCH = YES;
				SDKROOT = iphoneos;
				SWIFT_ACTIVE_COMPILATION_CONDITIONS = DEBUG;
				SWIFT_OPTIMIZATION_LEVEL = "-Onone";
				VERSIONING_SYSTEM = "apple-generic";
				VERSION_INFO_PREFIX = "";
			};
			name = Debug;
		};
		0C99BC3A201C037500B93DD9 /* Release */ = {
			isa = XCBuildConfiguration;
			buildSettings = {
				ALWAYS_SEARCH_USER_PATHS = NO;
				CLANG_ANALYZER_NONNULL = YES;
				CLANG_ANALYZER_NUMBER_OBJECT_CONVERSION = YES_AGGRESSIVE;
				CLANG_CXX_LANGUAGE_STANDARD = "gnu++14";
				CLANG_CXX_LIBRARY = "libc++";
				CLANG_ENABLE_MODULES = YES;
				CLANG_ENABLE_OBJC_ARC = YES;
				CLANG_WARN_BLOCK_CAPTURE_AUTORELEASING = YES;
				CLANG_WARN_BOOL_CONVERSION = YES;
				CLANG_WARN_COMMA = YES;
				CLANG_WARN_CONSTANT_CONVERSION = YES;
				CLANG_WARN_DIRECT_OBJC_ISA_USAGE = YES_ERROR;
				CLANG_WARN_DOCUMENTATION_COMMENTS = YES;
				CLANG_WARN_EMPTY_BODY = YES;
				CLANG_WARN_ENUM_CONVERSION = YES;
				CLANG_WARN_INFINITE_RECURSION = YES;
				CLANG_WARN_INT_CONVERSION = YES;
				CLANG_WARN_NON_LITERAL_NULL_CONVERSION = YES;
				CLANG_WARN_OBJC_LITERAL_CONVERSION = YES;
				CLANG_WARN_OBJC_ROOT_CLASS = YES_ERROR;
				CLANG_WARN_RANGE_LOOP_ANALYSIS = YES;
				CLANG_WARN_STRICT_PROTOTYPES = YES;
				CLANG_WARN_SUSPICIOUS_MOVE = YES;
				CLANG_WARN_UNGUARDED_AVAILABILITY = YES_AGGRESSIVE;
				CLANG_WARN_UNREACHABLE_CODE = YES;
				CLANG_WARN__DUPLICATE_METHOD_MATCH = YES;
				CODE_SIGN_IDENTITY = "iPhone Developer";
				COPY_PHASE_STRIP = NO;
				CURRENT_PROJECT_VERSION = 1;
				DEBUG_INFORMATION_FORMAT = "dwarf-with-dsym";
				ENABLE_NS_ASSERTIONS = NO;
				ENABLE_STRICT_OBJC_MSGSEND = YES;
				GCC_C_LANGUAGE_STANDARD = gnu11;
				GCC_NO_COMMON_BLOCKS = YES;
				GCC_WARN_64_TO_32_BIT_CONVERSION = YES;
				GCC_WARN_ABOUT_RETURN_TYPE = YES_ERROR;
				GCC_WARN_UNDECLARED_SELECTOR = YES;
				GCC_WARN_UNINITIALIZED_AUTOS = YES_AGGRESSIVE;
				GCC_WARN_UNUSED_FUNCTION = YES;
				GCC_WARN_UNUSED_VARIABLE = YES;
				IPHONEOS_DEPLOYMENT_TARGET = 11.2;
				MTL_ENABLE_DEBUG_INFO = NO;
				SDKROOT = iphoneos;
				SWIFT_OPTIMIZATION_LEVEL = "-Owholemodule";
				VALIDATE_PRODUCT = YES;
				VERSIONING_SYSTEM = "apple-generic";
				VERSION_INFO_PREFIX = "";
			};
			name = Release;
		};
		0C99BC3C201C037500B93DD9 /* Debug */ = {
			isa = XCBuildConfiguration;
			buildSettings = {
				CLANG_ENABLE_MODULES = YES;
				CODE_SIGN_IDENTITY = "";
				CODE_SIGN_STYLE = Automatic;
				DEFINES_MODULE = YES;
				DEVELOPMENT_TEAM = X7M4P5XPPN;
				DYLIB_COMPATIBILITY_VERSION = 1;
				DYLIB_CURRENT_VERSION = 1;
				DYLIB_INSTALL_NAME_BASE = "@rpath";
				INFOPLIST_FILE = "$(SRCROOT)/Shared/Info.plist";
				INSTALL_PATH = "$(LOCAL_LIBRARY_DIR)/Frameworks";
				LD_RUNPATH_SEARCH_PATHS = "$(inherited) @executable_path/Frameworks @loader_path/Frameworks";
				PRODUCT_BUNDLE_IDENTIFIER = mobi.chillmill.Riley;
				PRODUCT_NAME = "$(TARGET_NAME:c99extidentifier)";
				SKIP_INSTALL = YES;
				SWIFT_OPTIMIZATION_LEVEL = "-Onone";
				SWIFT_VERSION = 4.0;
				TARGETED_DEVICE_FAMILY = "1,2";
			};
			name = Debug;
		};
		0C99BC3D201C037500B93DD9 /* Release */ = {
			isa = XCBuildConfiguration;
			buildSettings = {
				CLANG_ENABLE_MODULES = YES;
				CODE_SIGN_IDENTITY = "";
				CODE_SIGN_STYLE = Automatic;
				DEFINES_MODULE = YES;
				DEVELOPMENT_TEAM = X7M4P5XPPN;
				DYLIB_COMPATIBILITY_VERSION = 1;
				DYLIB_CURRENT_VERSION = 1;
				DYLIB_INSTALL_NAME_BASE = "@rpath";
				INFOPLIST_FILE = "$(SRCROOT)/Shared/Info.plist";
				INSTALL_PATH = "$(LOCAL_LIBRARY_DIR)/Frameworks";
				LD_RUNPATH_SEARCH_PATHS = "$(inherited) @executable_path/Frameworks @loader_path/Frameworks";
				PRODUCT_BUNDLE_IDENTIFIER = mobi.chillmill.Riley;
				PRODUCT_NAME = "$(TARGET_NAME:c99extidentifier)";
				SKIP_INSTALL = YES;
				SWIFT_VERSION = 4.0;
				TARGETED_DEVICE_FAMILY = "1,2";
			};
			name = Release;
		};
		0C99BC53201C050E00B93DD9 /* Debug */ = {
			isa = XCBuildConfiguration;
			baseConfigurationReference = 1AFAF2680DF32BACD1B4B827 /* Pods-Master.debug.xcconfig */;
			buildSettings = {
				ASSETCATALOG_COMPILER_APPICON_NAME = AppIcon;
				CODE_SIGN_STYLE = Automatic;
				DEVELOPMENT_TEAM = X7M4P5XPPN;
				INFOPLIST_FILE = "$(SRCROOT)/ExampleApp/Info.plist";
				LD_RUNPATH_SEARCH_PATHS = "$(inherited) @executable_path/Frameworks";
				PRODUCT_BUNDLE_IDENTIFIER = mobi.chillmill.Master;
				PRODUCT_NAME = "$(TARGET_NAME)";
				SWIFT_VERSION = 4.0;
				TARGETED_DEVICE_FAMILY = "1,2";
			};
			name = Debug;
		};
		0C99BC54201C050E00B93DD9 /* Release */ = {
			isa = XCBuildConfiguration;
			baseConfigurationReference = ECE7E10F64AB74FCFE264D07 /* Pods-Master.release.xcconfig */;
			buildSettings = {
				ASSETCATALOG_COMPILER_APPICON_NAME = AppIcon;
				CODE_SIGN_STYLE = Automatic;
				DEVELOPMENT_TEAM = X7M4P5XPPN;
				INFOPLIST_FILE = "$(SRCROOT)/ExampleApp/Info.plist";
				LD_RUNPATH_SEARCH_PATHS = "$(inherited) @executable_path/Frameworks";
				PRODUCT_BUNDLE_IDENTIFIER = mobi.chillmill.Master;
				PRODUCT_NAME = "$(TARGET_NAME)";
				SWIFT_VERSION = 4.0;
				TARGETED_DEVICE_FAMILY = "1,2";
			};
			name = Release;
		};
/* End XCBuildConfiguration section */

/* Begin XCConfigurationList section */
		0C99BC2D201C037500B93DD9 /* Build configuration list for PBXProject "Riley" */ = {
			isa = XCConfigurationList;
			buildConfigurations = (
				0C99BC39201C037500B93DD9 /* Debug */,
				0C99BC3A201C037500B93DD9 /* Release */,
			);
			defaultConfigurationIsVisible = 0;
			defaultConfigurationName = Release;
		};
		0C99BC3B201C037500B93DD9 /* Build configuration list for PBXNativeTarget "Riley" */ = {
			isa = XCConfigurationList;
			buildConfigurations = (
				0C99BC3C201C037500B93DD9 /* Debug */,
				0C99BC3D201C037500B93DD9 /* Release */,
			);
			defaultConfigurationIsVisible = 0;
			defaultConfigurationName = Release;
		};
		0C99BC55201C050E00B93DD9 /* Build configuration list for PBXNativeTarget "Master" */ = {
			isa = XCConfigurationList;
			buildConfigurations = (
				0C99BC53201C050E00B93DD9 /* Debug */,
				0C99BC54201C050E00B93DD9 /* Release */,
			);
			defaultConfigurationIsVisible = 0;
			defaultConfigurationName = Release;
		};
/* End XCConfigurationList section */
	};
	rootObject = 0C99BC2A201C037500B93DD9 /* Project object */;
}
